
Microsoft Visual Studio Solution File, Format Version 12.00
# Visual Studio Express 2013 for Windows Desktop
VisualStudioVersion = 12.0.21005.1
MinimumVisualStudioVersion = 10.0.40219.1
Project("{FAE04EC0-301F-11D3-BF4B-00C04F79EFBC}") = "PrimeNumbers", "PrimeNumbers\PrimeNumbers.csproj", "{219D9D9E-C466-430E-B90C-ECC10B0CC0B3}"
EndProject
Project("{FAE04EC0-301F-11D3-BF4B-00C04F79EFBC}") = "PrimeNumbersTests", "PrimeNumbersTests\PrimeNumbersTests.csproj", "{F872CF31-A96C-48E0-9432-EA6DFD3E5BFD}"
EndProject
Global
	GlobalSection(SolutionConfigurationPlatforms) = preSolution
		Debug|Any CPU = Debug|Any CPU
		Release|Any CPU = Release|Any CPU
	EndGlobalSection
	GlobalSection(ProjectConfigurationPlatforms) = postSolution
		{219D9D9E-C466-430E-B90C-ECC10B0CC0B3}.Debug|Any CPU.ActiveCfg = Debug|Any CPU
		{219D9D9E-C466-430E-B90C-ECC10B0CC0B3}.Debug|Any CPU.Build.0 = Debug|Any CPU
		{219D9D9E-C466-430E-B90C-ECC10B0CC0B3}.Release|Any CPU.ActiveCfg = Release|Any CPU
		{219D9D9E-C466-430E-B90C-ECC10B0CC0B3}.Release|Any CPU.Build.0 = Release|Any CPU
		{F872CF31-A96C-48E0-9432-EA6DFD3E5BFD}.Debug|Any CPU.ActiveCfg = Debug|Any CPU
		{F872CF31-A96C-48E0-9432-EA6DFD3E5BFD}.Debug|Any CPU.Build.0 = Debug|Any CPU
		{F872CF31-A96C-48E0-9432-EA6DFD3E5BFD}.Release|Any CPU.ActiveCfg = Release|Any CPU
		{F872CF31-A96C-48E0-9432-EA6DFD3E5BFD}.Release|Any CPU.Build.0 = Release|Any CPU
	EndGlobalSection
	GlobalSection(SolutionProperties) = preSolution
		HideSolutionNode = FALSE
	EndGlobalSection
EndGlobal
