
Microsoft Visual Studio Solution File, Format Version 12.00
# Visual Studio 2013
VisualStudioVersion = 12.0.21005.1
MinimumVisualStudioVersion = 10.0.40219.1
Project("{FAE04EC0-301F-11D3-BF4B-00C04F79EFBC}") = "CouchBaseResearch", "CouchBaseResearch\CouchBaseResearch.csproj", "{EC05E3B2-DC75-465B-A047-096C4DABBA2B}"
EndProject
Project("{FAE04EC0-301F-11D3-BF4B-00C04F79EFBC}") = "CouchBaseResearch.Tests", "CouchBaseResearch.Tests\CouchBaseResearch.Tests.csproj", "{47179B82-66F1-4E66-8B1B-FA5ADD3868B4}"
EndProject
Global
	GlobalSection(SolutionConfigurationPlatforms) = preSolution
		Debug|Any CPU = Debug|Any CPU
		Release|Any CPU = Release|Any CPU
	EndGlobalSection
	GlobalSection(ProjectConfigurationPlatforms) = postSolution
		{EC05E3B2-DC75-465B-A047-096C4DABBA2B}.Debug|Any CPU.ActiveCfg = Debug|Any CPU
		{EC05E3B2-DC75-465B-A047-096C4DABBA2B}.Debug|Any CPU.Build.0 = Debug|Any CPU
		{EC05E3B2-DC75-465B-A047-096C4DABBA2B}.Release|Any CPU.ActiveCfg = Release|Any CPU
		{EC05E3B2-DC75-465B-A047-096C4DABBA2B}.Release|Any CPU.Build.0 = Release|Any CPU
		{47179B82-66F1-4E66-8B1B-FA5ADD3868B4}.Debug|Any CPU.ActiveCfg = Debug|Any CPU
		{47179B82-66F1-4E66-8B1B-FA5ADD3868B4}.Debug|Any CPU.Build.0 = Debug|Any CPU
		{47179B82-66F1-4E66-8B1B-FA5ADD3868B4}.Release|Any CPU.ActiveCfg = Release|Any CPU
		{47179B82-66F1-4E66-8B1B-FA5ADD3868B4}.Release|Any CPU.Build.0 = Release|Any CPU
	EndGlobalSection
	GlobalSection(SolutionProperties) = preSolution
		HideSolutionNode = FALSE
	EndGlobalSection
EndGlobal
