
Microsoft Visual Studio Solution File, Format Version 12.00
# Visual Studio Express 2013 for Web
VisualStudioVersion = 12.0.21005.1
MinimumVisualStudioVersion = 10.0.40219.1
Project("{FAE04EC0-301F-11D3-BF4B-00C04F79EFBC}") = "DomeApp", "DomeApp\DomeApp.csproj", "{D5E241EB-E66F-4EE6-99E9-959B7998F932}"
EndProject
Project("{FAE04EC0-301F-11D3-BF4B-00C04F79EFBC}") = "DomeApp.Tests", "DomeApp.Tests\DomeApp.Tests.csproj", "{0933FE8A-2DA1-4943-B186-E7452C661CFD}"
EndProject
Global
	GlobalSection(SolutionConfigurationPlatforms) = preSolution
		Debug|Any CPU = Debug|Any CPU
		Release|Any CPU = Release|Any CPU
	EndGlobalSection
	GlobalSection(ProjectConfigurationPlatforms) = postSolution
		{D5E241EB-E66F-4EE6-99E9-959B7998F932}.Debug|Any CPU.ActiveCfg = Debug|Any CPU
		{D5E241EB-E66F-4EE6-99E9-959B7998F932}.Debug|Any CPU.Build.0 = Debug|Any CPU
		{D5E241EB-E66F-4EE6-99E9-959B7998F932}.Release|Any CPU.ActiveCfg = Release|Any CPU
		{D5E241EB-E66F-4EE6-99E9-959B7998F932}.Release|Any CPU.Build.0 = Release|Any CPU
		{0933FE8A-2DA1-4943-B186-E7452C661CFD}.Debug|Any CPU.ActiveCfg = Debug|Any CPU
		{0933FE8A-2DA1-4943-B186-E7452C661CFD}.Debug|Any CPU.Build.0 = Debug|Any CPU
		{0933FE8A-2DA1-4943-B186-E7452C661CFD}.Release|Any CPU.ActiveCfg = Release|Any CPU
		{0933FE8A-2DA1-4943-B186-E7452C661CFD}.Release|Any CPU.Build.0 = Release|Any CPU
	EndGlobalSection
	GlobalSection(SolutionProperties) = preSolution
		HideSolutionNode = FALSE
	EndGlobalSection
EndGlobal
